# THIS IS AN AUTOGENERATED FILE. DO NOT EDIT THIS FILE DIRECTLY.
# yarn lockfile v1


csv-parse@^5.3.10:
  version "5.3.10"
  resolved "https://registry.yarnpkg.com/csv-parse/-/csv-parse-5.3.10.tgz#23a83cf1abe09a73210f2d35961f870005a03e87"
  integrity sha512-cTXY6iy0gN5Ha/cGILeDgQE+nKiKDU2m0DjSRdJhr86BN3cM7oefBsTk2aH0LQeaYtL7Z7HvW+jYoadmdhzeDA==
